{
  "name": "tox-agents",
  "lockfileVersion": 3,
  "requires": true,
  "packages": {
    "": {
      "devDependencies": {
        "@swc/wasm": "^1.13.5"
      }
    },
    "node_modules/@swc/wasm": {
      "version": "1.13.5",
      "resolved": "https://registry.npmjs.org/@swc/wasm/-/wasm-1.13.5.tgz",
      "integrity": "sha512-ZBZcxieydxNwgEU9eFAXGMaDb1Xoh+ZkZcUQ27LNJzc2lPSByoL6CSVqnYiaVo+n9JgqbYyHlMq+i7z0wRNTfA==",
      "dev": true,
      "license": "Apache-2.0"
    }
  }
}
